// !$*UTF8*$!
{
	archiveVersion = 1;
	classes = {
	};
	objectVersion = 77;
	objects = {

/* Begin PBXBuildFile section */
		7A5AFE00000000000000000D /* QuarterSafeWidget.appex in Embed Foundation Extensions */ = {isa = PBXBuildFile; fileRef = 7A5AFE000000000000000001 /* QuarterSafeWidget.appex */; settings = {ATTRIBUTES = (RemoveHeadersOnCopy, ); }; };
/* End PBXBuildFile section */

/* Begin PBXContainerItemProxy section */
		6AA9B3543058B73600902ECB /* PBXContainerItemProxy */ = {
			isa = PBXContainerItemProxy;
			containerPortal = 6AA9B33E3058B73500902ECB /* Project object */;
			proxyType = 1;
			remoteGlobalIDString = 6AA9B3453058B73500902ECB;
			remoteInfo = "Quarterly Tax";
		};
		6AA9B35E3058B73600902ECB /* PBXContainerItemProxy */ = {
			isa = PBXContainerItemProxy;
			containerPortal = 6AA9B33E3058B73500902ECB /* Project object */;
			proxyType = 1;
			remoteGlobalIDString = 6AA9B3453058B73500902ECB;
			remoteInfo = "Quarterly Tax";
		};
		7A5AFE00000000000000000A /* PBXContainerItemProxy */ = {
			isa = PBXContainerItemProxy;
			containerPortal = 6AA9B33E3058B73500902ECB /* Project object */;
			proxyType = 1;
			remoteGlobalIDString = 7A5AFE000000000000000003;
			remoteInfo = QuarterSafeWidget;
		};
/* End PBXContainerItemProxy section */

/* Begin PBXFileReference section */
		6AA9B3463058B73500902ECB /* Quarterly Tax.app */ = {isa = PBXFileReference; explicitFileType = wrapper.application; includeInIndex = 0; path = "Quarterly Tax.app"; sourceTree = BUILT_PRODUCTS_DIR; };
		7A5AFE000000000000000001 /* QuarterSafeWidget.appex */ = {isa = PBXFileReference; explicitFileType = "wrapper.app-extension"; includeInIndex = 0; path = QuarterSafeWidget.appex; sourceTree = BUILT_PRODUCTS_DIR; };
		6AA9B3533058B73600902ECB /* Quarterly TaxTests.xctest */ = {isa = PBXFileReference; explicitFileType = wrapper.cfbundle; includeInIndex = 0; path = "Quarterly TaxTests.xctest"; sourceTree = BUILT_PRODUCTS_DIR; };
		6AA9B35D3058B73600902ECB /* Quarterly TaxUITests.xctest */ = {isa = PBXFileReference; explicitFileType = wrapper.cfbundle; includeInIndex = 0; path = "Quarterly TaxUITests.xctest"; sourceTree = BUILT_PRODUCTS_DIR; };
/* End PBXFileReference section */

/* Begin PBXFileSystemSynchronizedRootGroup section */
		6AA9B3483058B73500902ECB /* Quarterly Tax */ = {
			isa = PBXFileSystemSynchronizedRootGroup;
			path = "Quarterly Tax";
			sourceTree = "<group>";
		};
		6AA9B3563058B73600902ECB /* Quarterly TaxTests */ = {
			isa = PBXFileSystemSynchronizedRootGroup;
			path = "Quarterly TaxTests";
			sourceTree = "<group>";
		};
		6AA9B3603058B73600902ECB /* Quarterly TaxUITests */ = {
			isa = PBXFileSystemSynchronizedRootGroup;
			path = "Quarterly TaxUITests";
			sourceTree = "<group>";
		};
		7A5AFE000000000000000002 /* QuarterSafeWidget */ = {
			isa = PBXFileSystemSynchronizedRootGroup;
			exceptions = (
				7A5AFE00000000000000000E /* Exceptions for "QuarterSafeWidget" folder in "QuarterSafeWidget" target */,
			);
			path = QuarterSafeWidget;
			sourceTree = "<group>";
		};
/* End PBXFileSystemSynchronizedRootGroup section */

/* Begin PBXFileSystemSynchronizedBuildFileExceptionSet section */
		7A5AFE00000000000000000E /* Exceptions for "QuarterSafeWidget" folder in "QuarterSafeWidget" target */ = {
			isa = PBXFileSystemSynchronizedBuildFileExceptionSet;
			membershipExceptions = (
				Info.plist,
			);
			target = 7A5AFE000000000000000003 /* QuarterSafeWidget */;
		};
/* End PBXFileSystemSynchronizedBuildFileExceptionSet section */

/* Begin PBXFrameworksBuildPhase section */
		6AA9B3433058B73500902ECB /* Frameworks */ = {
			isa = PBXFrameworksBuildPhase;
			buildActionMask = 2147483647;
			files = (
			);
			runOnlyForDeploymentPostprocessing = 0;
		};
		6AA9B3503058B73600902ECB /* Frameworks */ = {
			isa = PBXFrameworksBuildPhase;
			buildActionMask = 2147483647;
			files = (
			);
			runOnlyForDeploymentPostprocessing = 0;
		};
		6AA9B35A3058B73600902ECB /* Frameworks */ = {
			isa = PBXFrameworksBuildPhase;
			buildActionMask = 2147483647;
			files = (
			);
			runOnlyForDeploymentPostprocessing = 0;
		};
		7A5AFE000000000000000005 /* Frameworks */ = {
			isa = PBXFrameworksBuildPhase;
			buildActionMask = 2147483647;
			files = (
			);
			runOnlyForDeploymentPostprocessing = 0;
		};
/* End PBXFrameworksBuildPhase section */

/* Begin PBXCopyFilesBuildPhase section */
		7A5AFE00000000000000000C /* Embed Foundation Extensions */ = {
			isa = PBXCopyFilesBuildPhase;
			buildActionMask = 2147483647;
			dstPath = "";
			dstSubfolderSpec = 13;
			files = (
				7A5AFE00000000000000000D /* QuarterSafeWidget.appex in Embed Foundation Extensions */,
			);
			name = "Embed Foundation Extensions";
			runOnlyForDeploymentPostprocessing = 0;
		};
/* End PBXCopyFilesBuildPhase section */

/* Begin PBXGroup section */
		6AA9B33D3058B73500902ECB = {
			isa = PBXGroup;
			children = (
				6AA9B3483058B73500902ECB /* Quarterly Tax */,
				6AA9B3563058B73600902ECB /* Quarterly TaxTests */,
				6AA9B3603058B73600902ECB /* Quarterly TaxUITests */,
				7A5AFE000000000000000002 /* QuarterSafeWidget */,
				6AA9B3473058B73500902ECB /* Products */,
			);
			sourceTree = "<group>";
		};
		6AA9B3473058B73500902ECB /* Products */ = {
			isa = PBXGroup;
			children = (
				6AA9B3463058B73500902ECB /* Quarterly Tax.app */,
				6AA9B3533058B73600902ECB /* Quarterly TaxTests.xctest */,
				6AA9B35D3058B73600902ECB /* Quarterly TaxUITests.xctest */,
				7A5AFE000000000000000001 /* QuarterSafeWidget.appex */,
			);
			name = Products;
			sourceTree = "<group>";
		};
/* End PBXGroup section */

/* Begin PBXNativeTarget section */
		6AA9B3453058B73500902ECB /* Quarterly Tax */ = {
			isa = PBXNativeTarget;
			buildConfigurationList = 6AA9B3673058B73600902ECB /* Build configuration list for PBXNativeTarget "Quarterly Tax" */;
			buildPhases = (
				6AA9B3423058B73500902ECB /* Sources */,
				6AA9B3433058B73500902ECB /* Frameworks */,
				6AA9B3443058B73500902ECB /* Resources */,
				7A5AFE00000000000000000C /* Embed Foundation Extensions */,
			);
			buildRules = (
			);
			dependencies = (
				7A5AFE00000000000000000B /* PBXTargetDependency */,
			);
			fileSystemSynchronizedGroups = (
				6AA9B3483058B73500902ECB /* Quarterly Tax */,
			);
			name = "Quarterly Tax";
			packageProductDependencies = (
			);
			productName = "Quarterly Tax";
			productReference = 6AA9B3463058B73500902ECB /* Quarterly Tax.app */;
			productType = "com.apple.product-type.application";
		};
		6AA9B3523058B73600902ECB /* Quarterly TaxTests */ = {
			isa = PBXNativeTarget;
			buildConfigurationList = 6AA9B36A3058B73600902ECB /* Build configuration list for PBXNativeTarget "Quarterly TaxTests" */;
			buildPhases = (
				6AA9B34F3058B73600902ECB /* Sources */,
				6AA9B3503058B73600902ECB /* Frameworks */,
				6AA9B3513058B73600902ECB /* Resources */,
			);
			buildRules = (
			);
			dependencies = (
				6AA9B3553058B73600902ECB /* PBXTargetDependency */,
			);
			fileSystemSynchronizedGroups = (
				6AA9B3563058B73600902ECB /* Quarterly TaxTests */,
			);
			name = "Quarterly TaxTests";
			packageProductDependencies = (
			);
			productName = "Quarterly TaxTests";
			productReference = 6AA9B3533058B73600902ECB /* Quarterly TaxTests.xctest */;
			productType = "com.apple.product-type.bundle.unit-test";
		};
		6AA9B35C3058B73600902ECB /* Quarterly TaxUITests */ = {
			isa = PBXNativeTarget;
			buildConfigurationList = 6AA9B36D3058B73600902ECB /* Build configuration list for PBXNativeTarget "Quarterly TaxUITests" */;
			buildPhases = (
				6AA9B3593058B73600902ECB /* Sources */,
				6AA9B35A3058B73600902ECB /* Frameworks */,
				6AA9B35B3058B73600902ECB /* Resources */,
			);
			buildRules = (
			);
			dependencies = (
				6AA9B35F3058B73600902ECB /* PBXTargetDependency */,
			);
			fileSystemSynchronizedGroups = (
				6AA9B3603058B73600902ECB /* Quarterly TaxUITests */,
			);
			name = "Quarterly TaxUITests";
			packageProductDependencies = (
			);
			productName = "Quarterly TaxUITests";
			productReference = 6AA9B35D3058B73600902ECB /* Quarterly TaxUITests.xctest */;
			productType = "com.apple.product-type.bundle.ui-testing";
		};
		7A5AFE000000000000000003 /* QuarterSafeWidget */ = {
			isa = PBXNativeTarget;
			buildConfigurationList = 7A5AFE000000000000000009 /* Build configuration list for PBXNativeTarget "QuarterSafeWidget" */;
			buildPhases = (
				7A5AFE000000000000000004 /* Sources */,
				7A5AFE000000000000000005 /* Frameworks */,
				7A5AFE000000000000000006 /* Resources */,
			);
			buildRules = (
			);
			dependencies = (
			);
			fileSystemSynchronizedGroups = (
				7A5AFE000000000000000002 /* QuarterSafeWidget */,
			);
			name = QuarterSafeWidget;
			packageProductDependencies = (
			);
			productName = QuarterSafeWidget;
			productReference = 7A5AFE000000000000000001 /* QuarterSafeWidget.appex */;
			productType = "com.apple.product-type.app-extension";
		};
/* End PBXNativeTarget section */

/* Begin PBXProject section */
		6AA9B33E3058B73500902ECB /* Project object */ = {
			isa = PBXProject;
			attributes = {
				BuildIndependentTargetsInParallel = 1;
				LastSwiftUpdateCheck = 2640;
				LastUpgradeCheck = 2640;
				TargetAttributes = {
					6AA9B3453058B73500902ECB = {
						CreatedOnToolsVersion = 26.4.1;
					};
					6AA9B3523058B73600902ECB = {
						CreatedOnToolsVersion = 26.4.1;
						TestTargetID = 6AA9B3453058B73500902ECB;
					};
					6AA9B35C3058B73600902ECB = {
						CreatedOnToolsVersion = 26.4.1;
						TestTargetID = 6AA9B3453058B73500902ECB;
					};
					7A5AFE000000000000000003 = {
						CreatedOnToolsVersion = 26.4.1;
					};
				};
			};
			buildConfigurationList = 6AA9B3413058B73500902ECB /* Build configuration list for PBXProject "Quarterly Tax" */;
			developmentRegion = en;
			hasScannedForEncodings = 0;
			knownRegions = (
				en,
				Base,
			);
			mainGroup = 6AA9B33D3058B73500902ECB;
			minimizedProjectReferenceProxies = 1;
			preferredProjectObjectVersion = 77;
			productRefGroup = 6AA9B3473058B73500902ECB /* Products */;
			projectDirPath = "";
			projectRoot = "";
			targets = (
				6AA9B3453058B73500902ECB /* Quarterly Tax */,
				6AA9B3523058B73600902ECB /* Quarterly TaxTests */,
				6AA9B35C3058B73600902ECB /* Quarterly TaxUITests */,
				7A5AFE000000000000000003 /* QuarterSafeWidget */,
			);
		};
/* End PBXProject section */

/* Begin PBXResourcesBuildPhase section */
		6AA9B3443058B73500902ECB /* Resources */ = {
			isa = PBXResourcesBuildPhase;
			buildActionMask = 2147483647;
			files = (
			);
			runOnlyForDeploymentPostprocessing = 0;
		};
		6AA9B3513058B73600902ECB /* Resources */ = {
			isa = PBXResourcesBuildPhase;
			buildActionMask = 2147483647;
			files = (
			);
			runOnlyForDeploymentPostprocessing = 0;
		};
		6AA9B35B3058B73600902ECB /* Resources */ = {
			isa = PBXResourcesBuildPhase;
			buildActionMask = 2147483647;
			files = (
			);
			runOnlyForDeploymentPostprocessing = 0;
		};
		7A5AFE000000000000000006 /* Resources */ = {
			isa = PBXResourcesBuildPhase;
			buildActionMask = 2147483647;
			files = (
			);
			runOnlyForDeploymentPostprocessing = 0;
		};
/* End PBXResourcesBuildPhase section */

/* Begin PBXSourcesBuildPhase section */
		6AA9B3423058B73500902ECB /* Sources */ = {
			isa = PBXSourcesBuildPhase;
			buildActionMask = 2147483647;
			files = (
			);
			runOnlyForDeploymentPostprocessing = 0;
		};
		6AA9B34F3058B73600902ECB /* Sources */ = {
			isa = PBXSourcesBuildPhase;
			buildActionMask = 2147483647;
			files = (
			);
			runOnlyForDeploymentPostprocessing = 0;
		};
		6AA9B3593058B73600902ECB /* Sources */ = {
			isa = PBXSourcesBuildPhase;
			buildActionMask = 2147483647;
			files = (
			);
			runOnlyForDeploymentPostprocessing = 0;
		};
		7A5AFE000000000000000004 /* Sources */ = {
			isa = PBXSourcesBuildPhase;
			buildActionMask = 2147483647;
			files = (
			);
			runOnlyForDeploymentPostprocessing = 0;
		};
/* End PBXSourcesBuildPhase section */

/* Begin PBXTargetDependency section */
		6AA9B3553058B73600902ECB /* PBXTargetDependency */ = {
			isa = PBXTargetDependency;
			target = 6AA9B3453058B73500902ECB /* Quarterly Tax */;
			targetProxy = 6AA9B3543058B73600902ECB /* PBXContainerItemProxy */;
		};
		6AA9B35F3058B73600902ECB /* PBXTargetDependency */ = {
			isa = PBXTargetDependency;
			target = 6AA9B3453058B73500902ECB /* Quarterly Tax */;
			targetProxy = 6AA9B35E3058B73600902ECB /* PBXContainerItemProxy */;
		};
		7A5AFE00000000000000000B /* PBXTargetDependency */ = {
			isa = PBXTargetDependency;
			target = 7A5AFE000000000000000003 /* QuarterSafeWidget */;
			targetProxy = 7A5AFE00000000000000000A /* PBXContainerItemProxy */;
		};
/* End PBXTargetDependency section */

/* Begin XCBuildConfiguration section */
		6AA9B3653058B73600902ECB /* Debug */ = {
			isa = XCBuildConfiguration;
			buildSettings = {
				ALWAYS_SEARCH_USER_PATHS = NO;
				ASSETCATALOG_COMPILER_GENERATE_SWIFT_ASSET_SYMBOL_EXTENSIONS = YES;
				CLANG_ANALYZER_NONNULL = YES;
				CLANG_ANALYZER_NUMBER_OBJECT_CONVERSION = YES_AGGRESSIVE;
				CLANG_CXX_LANGUAGE_STANDARD = "gnu++20";
				CLANG_ENABLE_MODULES = YES;
				CLANG_ENABLE_OBJC_ARC = YES;
				CLANG_ENABLE_OBJC_WEAK = YES;
				CLANG_WARN_BLOCK_CAPTURE_AUTORELEASING = YES;
				CLANG_WARN_BOOL_CONVERSION = YES;
				CLANG_WARN_COMMA = YES;
				CLANG_WARN_CONSTANT_CONVERSION = YES;
				CLANG_WARN_DEPRECATED_OBJC_IMPLEMENTATIONS = YES;
				CLANG_WARN_DIRECT_OBJC_ISA_USAGE = YES_ERROR;
				CLANG_WARN_DOCUMENTATION_COMMENTS = YES;
				CLANG_WARN_EMPTY_BODY = YES;
				CLANG_WARN_ENUM_CONVERSION = YES;
				CLANG_WARN_INFINITE_RECURSION = YES;
				CLANG_WARN_INT_CONVERSION = YES;
				CLANG_WARN_NON_LITERAL_NULL_CONVERSION = YES;
				CLANG_WARN_OBJC_IMPLICIT_RETAIN_SELF = YES;
				CLANG_WARN_OBJC_LITERAL_CONVERSION = YES;
				CLANG_WARN_OBJC_ROOT_CLASS = YES_ERROR;
				CLANG_WARN_QUOTED_INCLUDE_IN_FRAMEWORK_HEADER = YES;
				CLANG_WARN_RANGE_LOOP_ANALYSIS = YES;
				CLANG_WARN_STRICT_PROTOTYPES = YES;
				CLANG_WARN_SUSPICIOUS_MOVE = YES;
				CLANG_WARN_UNGUARDED_AVAILABILITY = YES_AGGRESSIVE;
				CLANG_WARN_UNREACHABLE_CODE = YES;
				CLANG_WARN__DUPLICATE_METHOD_MATCH = YES;
				COPY_PHASE_STRIP = NO;
				DEBUG_INFORMATION_FORMAT = dwarf;
				DEVELOPMENT_TEAM = JP4TN5PTS3;
				ENABLE_STRICT_OBJC_MSGSEND = YES;
				ENABLE_TESTABILITY = YES;
				ENABLE_USER_SCRIPT_SANDBOXING = YES;
				GCC_C_LANGUAGE_STANDARD = gnu17;
				GCC_DYNAMIC_NO_PIC = NO;
				GCC_NO_COMMON_BLOCKS = YES;
				GCC_OPTIMIZATION_LEVEL = 0;
				GCC_PREPROCESSOR_DEFINITIONS = (
					"DEBUG=1",
					"$(inherited)",
				);
				GCC_WARN_64_TO_32_BIT_CONVERSION = YES;
				GCC_WARN_ABOUT_RETURN_TYPE = YES_ERROR;
				GCC_WARN_UNDECLARED_SELECTOR = YES;
				GCC_WARN_UNINITIALIZED_AUTOS = YES_AGGRESSIVE;
				GCC_WARN_UNUSED_FUNCTION = YES;
				GCC_WARN_UNUSED_VARIABLE = YES;
				IPHONEOS_DEPLOYMENT_TARGET = 26.4;
				LOCALIZATION_PREFERS_STRING_CATALOGS = YES;
				MTL_ENABLE_DEBUG_INFO = INCLUDE_SOURCE;
				MTL_FAST_MATH = YES;
				ONLY_ACTIVE_ARCH = YES;
				SDKROOT = iphoneos;
				SWIFT_ACTIVE_COMPILATION_CONDITIONS = "DEBUG $(inherited)";
				SWIFT_OPTIMIZATION_LEVEL = "-Onone";
			};
			name = Debug;
		};
		6AA9B3663058B73600902ECB /* Release */ = {
			isa = XCBuildConfiguration;
			buildSettings = {
				ALWAYS_SEARCH_USER_PATHS = NO;
				ASSETCATALOG_COMPILER_GENERATE_SWIFT_ASSET_SYMBOL_EXTENSIONS = YES;
				CLANG_ANALYZER_NONNULL = YES;
				CLANG_ANALYZER_NUMBER_OBJECT_CONVERSION = YES_AGGRESSIVE;
				CLANG_CXX_LANGUAGE_STANDARD = "gnu++20";
				CLANG_ENABLE_MODULES = YES;
				CLANG_ENABLE_OBJC_ARC = YES;
				CLANG_ENABLE_OBJC_WEAK = YES;
				CLANG_WARN_BLOCK_CAPTURE_AUTORELEASING = YES;
				CLANG_WARN_BOOL_CONVERSION = YES;
				CLANG_WARN_COMMA = YES;
				CLANG_WARN_CONSTANT_CONVERSION = YES;
				CLANG_WARN_DEPRECATED_OBJC_IMPLEMENTATIONS = YES;
				CLANG_WARN_DIRECT_OBJC_ISA_USAGE = YES_ERROR;
				CLANG_WARN_DOCUMENTATION_COMMENTS = YES;
				CLANG_WARN_EMPTY_BODY = YES;
				CLANG_WARN_ENUM_CONVERSION = YES;
				CLANG_WARN_INFINITE_RECURSION = YES;
				CLANG_WARN_INT_CONVERSION = YES;
				CLANG_WARN_NON_LITERAL_NULL_CONVERSION = YES;
				CLANG_WARN_OBJC_IMPLICIT_RETAIN_SELF = YES;
				CLANG_WARN_OBJC_LITERAL_CONVERSION = YES;
				CLANG_WARN_OBJC_ROOT_CLASS = YES_ERROR;
				CLANG_WARN_QUOTED_INCLUDE_IN_FRAMEWORK_HEADER = YES;
				CLANG_WARN_RANGE_LOOP_ANALYSIS = YES;
				CLANG_WARN_STRICT_PROTOTYPES = YES;
				CLANG_WARN_SUSPICIOUS_MOVE = YES;
				CLANG_WARN_UNGUARDED_AVAILABILITY = YES_AGGRESSIVE;
				CLANG_WARN_UNREACHABLE_CODE = YES;
				CLANG_WARN__DUPLICATE_METHOD_MATCH = YES;
				COPY_PHASE_STRIP = NO;
				DEBUG_INFORMATION_FORMAT = "dwarf-with-dsym";
				DEVELOPMENT_TEAM = JP4TN5PTS3;
				ENABLE_NS_ASSERTIONS = NO;
				ENABLE_STRICT_OBJC_MSGSEND = YES;
				ENABLE_USER_SCRIPT_SANDBOXING = YES;
				GCC_C_LANGUAGE_STANDARD = gnu17;
				GCC_NO_COMMON_BLOCKS = YES;
				GCC_WARN_64_TO_32_BIT_CONVERSION = YES;
				GCC_WARN_ABOUT_RETURN_TYPE = YES_ERROR;
				GCC_WARN_UNDECLARED_SELECTOR = YES;
				GCC_WARN_UNINITIALIZED_AUTOS = YES_AGGRESSIVE;
				GCC_WARN_UNUSED_FUNCTION = YES;
				GCC_WARN_UNUSED_VARIABLE = YES;
				IPHONEOS_DEPLOYMENT_TARGET = 26.4;
				LOCALIZATION_PREFERS_STRING_CATALOGS = YES;
				MTL_ENABLE_DEBUG_INFO = NO;
				MTL_FAST_MATH = YES;
				SDKROOT = iphoneos;
				SWIFT_COMPILATION_MODE = wholemodule;
				VALIDATE_PRODUCT = YES;
			};
			name = Release;
		};
		6AA9B3683058B73600902ECB /* Debug */ = {
			isa = XCBuildConfiguration;
			buildSettings = {
				CODE_SIGN_ENTITLEMENTS = "Quarterly Tax/QuarterSafe.entitlements";
				ASSETCATALOG_COMPILER_APPICON_NAME = AppIcon;
				ASSETCATALOG_COMPILER_GLOBAL_ACCENT_COLOR_NAME = AccentColor;
				CODE_SIGN_STYLE = Automatic;
				CURRENT_PROJECT_VERSION = 1;
				DEVELOPMENT_TEAM = JP4TN5PTS3;
				ENABLE_PREVIEWS = YES;
				GENERATE_INFOPLIST_FILE = YES;
				INFOPLIST_KEY_UIApplicationSceneManifest_Generation = YES;
				INFOPLIST_KEY_UIApplicationSupportsIndirectInputEvents = YES;
				INFOPLIST_KEY_UILaunchScreen_Generation = YES;
				INFOPLIST_KEY_UISupportedInterfaceOrientations_iPad = "UIInterfaceOrientationPortrait UIInterfaceOrientationPortraitUpsideDown UIInterfaceOrientationLandscapeLeft UIInterfaceOrientationLandscapeRight";
				INFOPLIST_KEY_UISupportedInterfaceOrientations_iPhone = "UIInterfaceOrientationPortrait UIInterfaceOrientationLandscapeLeft UIInterfaceOrientationLandscapeRight";
				INFOPLIST_KEY_CFBundleDisplayName = QuarterSafe;
				IPHONEOS_DEPLOYMENT_TARGET = 17;
				LD_RUNPATH_SEARCH_PATHS = (
					"$(inherited)",
					"@executable_path/Frameworks",
				);
				MARKETING_VERSION = 1.0;
				PRODUCT_BUNDLE_IDENTIFIER = "com.zzoutuo.QuarterSafe";
				PRODUCT_NAME = "$(TARGET_NAME)";
				STRING_CATALOG_GENERATE_SYMBOLS = YES;
				SWIFT_APPROACHABLE_CONCURRENCY = YES;
				SWIFT_DEFAULT_ACTOR_ISOLATION = MainActor;
				SWIFT_EMIT_LOC_STRINGS = YES;
				SWIFT_UPCOMING_FEATURE_MEMBER_IMPORT_VISIBILITY = YES;
				SWIFT_VERSION = 5.0;
				TARGETED_DEVICE_FAMILY = "1,2";
			};
			name = Debug;
		};
		6AA9B3693058B73600902ECB /* Release */ = {
			isa = XCBuildConfiguration;
			buildSettings = {
				CODE_SIGN_ENTITLEMENTS = "Quarterly Tax/QuarterSafe.entitlements";
				ASSETCATALOG_COMPILER_APPICON_NAME = AppIcon;
				ASSETCATALOG_COMPILER_GLOBAL_ACCENT_COLOR_NAME = AccentColor;
				CODE_SIGN_STYLE = Automatic;
				CURRENT_PROJECT_VERSION = 1;
				DEVELOPMENT_TEAM = JP4TN5PTS3;
				ENABLE_PREVIEWS = YES;
				GENERATE_INFOPLIST_FILE = YES;
				INFOPLIST_KEY_UIApplicationSceneManifest_Generation = YES;
				INFOPLIST_KEY_UIApplicationSupportsIndirectInputEvents = YES;
				INFOPLIST_KEY_UILaunchScreen_Generation = YES;
				INFOPLIST_KEY_UISupportedInterfaceOrientations_iPad = "UIInterfaceOrientationPortrait UIInterfaceOrientationPortraitUpsideDown UIInterfaceOrientationLandscapeLeft UIInterfaceOrientationLandscapeRight";
				INFOPLIST_KEY_UISupportedInterfaceOrientations_iPhone = "UIInterfaceOrientationPortrait UIInterfaceOrientationLandscapeLeft UIInterfaceOrientationLandscapeRight";
				INFOPLIST_KEY_CFBundleDisplayName = QuarterSafe;
				IPHONEOS_DEPLOYMENT_TARGET = 17;
				LD_RUNPATH_SEARCH_PATHS = (
					"$(inherited)",
					"@executable_path/Frameworks",
				);
				MARKETING_VERSION = 1.0;
				PRODUCT_BUNDLE_IDENTIFIER = "com.zzoutuo.QuarterSafe";
				PRODUCT_NAME = "$(TARGET_NAME)";
				STRING_CATALOG_GENERATE_SYMBOLS = YES;
				SWIFT_APPROACHABLE_CONCURRENCY = YES;
				SWIFT_DEFAULT_ACTOR_ISOLATION = MainActor;
				SWIFT_EMIT_LOC_STRINGS = YES;
				SWIFT_UPCOMING_FEATURE_MEMBER_IMPORT_VISIBILITY = YES;
				SWIFT_VERSION = 5.0;
				TARGETED_DEVICE_FAMILY = "1,2";
			};
			name = Release;
		};
		6AA9B36B3058B73600902ECB /* Debug */ = {
			isa = XCBuildConfiguration;
			buildSettings = {
				BUNDLE_LOADER = "$(TEST_HOST)";
				CODE_SIGN_STYLE = Automatic;
				CURRENT_PROJECT_VERSION = 1;
				DEVELOPMENT_TEAM = JP4TN5PTS3;
				GENERATE_INFOPLIST_FILE = YES;
				IPHONEOS_DEPLOYMENT_TARGET = 26.4;
				MARKETING_VERSION = 1.0;
				PRODUCT_BUNDLE_IDENTIFIER = "com.zzoutuo.QuarterSafeTests";
				PRODUCT_NAME = "$(TARGET_NAME)";
				STRING_CATALOG_GENERATE_SYMBOLS = NO;
				SWIFT_APPROACHABLE_CONCURRENCY = YES;
				SWIFT_EMIT_LOC_STRINGS = NO;
				SWIFT_UPCOMING_FEATURE_MEMBER_IMPORT_VISIBILITY = YES;
				SWIFT_VERSION = 5.0;
				TARGETED_DEVICE_FAMILY = "1,2";
				TEST_HOST = "$(BUILT_PRODUCTS_DIR)/Quarterly Tax.app/$(BUNDLE_EXECUTABLE_FOLDER_PATH)/Quarterly Tax";
			};
			name = Debug;
		};
		6AA9B36C3058B73600902ECB /* Release */ = {
			isa = XCBuildConfiguration;
			buildSettings = {
				BUNDLE_LOADER = "$(TEST_HOST)";
				CODE_SIGN_STYLE = Automatic;
				CURRENT_PROJECT_VERSION = 1;
				DEVELOPMENT_TEAM = JP4TN5PTS3;
				GENERATE_INFOPLIST_FILE = YES;
				IPHONEOS_DEPLOYMENT_TARGET = 26.4;
				MARKETING_VERSION = 1.0;
				PRODUCT_BUNDLE_IDENTIFIER = "com.zzoutuo.QuarterSafeTests";
				PRODUCT_NAME = "$(TARGET_NAME)";
				STRING_CATALOG_GENERATE_SYMBOLS = NO;
				SWIFT_APPROACHABLE_CONCURRENCY = YES;
				SWIFT_EMIT_LOC_STRINGS = NO;
				SWIFT_UPCOMING_FEATURE_MEMBER_IMPORT_VISIBILITY = YES;
				SWIFT_VERSION = 5.0;
				TARGETED_DEVICE_FAMILY = "1,2";
				TEST_HOST = "$(BUILT_PRODUCTS_DIR)/Quarterly Tax.app/$(BUNDLE_EXECUTABLE_FOLDER_PATH)/Quarterly Tax";
			};
			name = Release;
		};
		6AA9B36E3058B73600902ECB /* Debug */ = {
			isa = XCBuildConfiguration;
			buildSettings = {
				CODE_SIGN_STYLE = Automatic;
				CURRENT_PROJECT_VERSION = 1;
				DEVELOPMENT_TEAM = JP4TN5PTS3;
				GENERATE_INFOPLIST_FILE = YES;
				MARKETING_VERSION = 1.0;
				PRODUCT_BUNDLE_IDENTIFIER = "com.zzoutuo.QuarterSafeUITests";
				PRODUCT_NAME = "$(TARGET_NAME)";
				STRING_CATALOG_GENERATE_SYMBOLS = NO;
				SWIFT_APPROACHABLE_CONCURRENCY = YES;
				SWIFT_EMIT_LOC_STRINGS = NO;
				SWIFT_UPCOMING_FEATURE_MEMBER_IMPORT_VISIBILITY = YES;
				SWIFT_VERSION = 5.0;
				TARGETED_DEVICE_FAMILY = "1,2";
				TEST_TARGET_NAME = "Quarterly Tax";
			};
			name = Debug;
		};
		6AA9B36F3058B73600902ECB /* Release */ = {
			isa = XCBuildConfiguration;
			buildSettings = {
				CODE_SIGN_STYLE = Automatic;
				CURRENT_PROJECT_VERSION = 1;
				DEVELOPMENT_TEAM = JP4TN5PTS3;
				GENERATE_INFOPLIST_FILE = YES;
				MARKETING_VERSION = 1.0;
				PRODUCT_BUNDLE_IDENTIFIER = "com.zzoutuo.QuarterSafeUITests";
				PRODUCT_NAME = "$(TARGET_NAME)";
				STRING_CATALOG_GENERATE_SYMBOLS = NO;
				SWIFT_APPROACHABLE_CONCURRENCY = YES;
				SWIFT_EMIT_LOC_STRINGS = NO;
				SWIFT_UPCOMING_FEATURE_MEMBER_IMPORT_VISIBILITY = YES;
				SWIFT_VERSION = 5.0;
				TARGETED_DEVICE_FAMILY = "1,2";
				TEST_TARGET_NAME = "Quarterly Tax";
			};
			name = Release;
		};
		7A5AFE000000000000000007 /* Debug */ = {
			isa = XCBuildConfiguration;
			buildSettings = {
				CODE_SIGN_ENTITLEMENTS = QuarterSafeWidget/QuarterSafeWidget.entitlements;
				CODE_SIGN_STYLE = Automatic;
				CURRENT_PROJECT_VERSION = 1;
				DEVELOPMENT_TEAM = JP4TN5PTS3;
				GENERATE_INFOPLIST_FILE = YES;
				INFOPLIST_FILE = QuarterSafeWidget/Info.plist;
				INFOPLIST_KEY_CFBundleDisplayName = "QuarterSafe Widget";
				INFOPLIST_KEY_NSHumanReadableCopyright = "";
				LD_RUNPATH_SEARCH_PATHS = (
					"$(inherited)",
					"@executable_path/Frameworks",
					"@executable_path/../../Frameworks",
				);
				MARKETING_VERSION = 1.0;
				PRODUCT_BUNDLE_IDENTIFIER = "com.zzoutuo.QuarterSafe.Widget";
				PRODUCT_NAME = "$(TARGET_NAME)";
				SKIP_INSTALL = YES;
				SWIFT_APPROACHABLE_CONCURRENCY = YES;
				SWIFT_DEFAULT_ACTOR_ISOLATION = MainActor;
				SWIFT_EMIT_LOC_STRINGS = YES;
				SWIFT_UPCOMING_FEATURE_MEMBER_IMPORT_VISIBILITY = YES;
				SWIFT_VERSION = 5.0;
				TARGETED_DEVICE_FAMILY = "1,2";
			};
			name = Debug;
		};
		7A5AFE000000000000000008 /* Release */ = {
			isa = XCBuildConfiguration;
			buildSettings = {
				CODE_SIGN_ENTITLEMENTS = QuarterSafeWidget/QuarterSafeWidget.entitlements;
				CODE_SIGN_STYLE = Automatic;
				CURRENT_PROJECT_VERSION = 1;
				DEVELOPMENT_TEAM = JP4TN5PTS3;
				GENERATE_INFOPLIST_FILE = YES;
				INFOPLIST_FILE = QuarterSafeWidget/Info.plist;
				INFOPLIST_KEY_CFBundleDisplayName = "QuarterSafe Widget";
				INFOPLIST_KEY_NSHumanReadableCopyright = "";
				LD_RUNPATH_SEARCH_PATHS = (
					"$(inherited)",
					"@executable_path/Frameworks",
					"@executable_path/../../Frameworks",
				);
				MARKETING_VERSION = 1.0;
				PRODUCT_BUNDLE_IDENTIFIER = "com.zzoutuo.QuarterSafe.Widget";
				PRODUCT_NAME = "$(TARGET_NAME)";
				SKIP_INSTALL = YES;
				SWIFT_APPROACHABLE_CONCURRENCY = YES;
				SWIFT_DEFAULT_ACTOR_ISOLATION = MainActor;
				SWIFT_EMIT_LOC_STRINGS = YES;
				SWIFT_UPCOMING_FEATURE_MEMBER_IMPORT_VISIBILITY = YES;
				SWIFT_VERSION = 5.0;
				TARGETED_DEVICE_FAMILY = "1,2";
			};
			name = Release;
		};
/* End XCBuildConfiguration section */

/* Begin XCConfigurationList section */
		6AA9B3413058B73500902ECB /* Build configuration list for PBXProject "Quarterly Tax" */ = {
			isa = XCConfigurationList;
			buildConfigurations = (
				6AA9B3653058B73600902ECB /* Debug */,
				6AA9B3663058B73600902ECB /* Release */,
			);
			defaultConfigurationIsVisible = 0;
			defaultConfigurationName = Release;
		};
		6AA9B3673058B73600902ECB /* Build configuration list for PBXNativeTarget "Quarterly Tax" */ = {
			isa = XCConfigurationList;
			buildConfigurations = (
				6AA9B3683058B73600902ECB /* Debug */,
				6AA9B3693058B73600902ECB /* Release */,
			);
			defaultConfigurationIsVisible = 0;
			defaultConfigurationName = Release;
		};
		6AA9B36A3058B73600902ECB /* Build configuration list for PBXNativeTarget "Quarterly TaxTests" */ = {
			isa = XCConfigurationList;
			buildConfigurations = (
				6AA9B36B3058B73600902ECB /* Debug */,
				6AA9B36C3058B73600902ECB /* Release */,
			);
			defaultConfigurationIsVisible = 0;
			defaultConfigurationName = Release;
		};
		6AA9B36D3058B73600902ECB /* Build configuration list for PBXNativeTarget "Quarterly TaxUITests" */ = {
			isa = XCConfigurationList;
			buildConfigurations = (
				6AA9B36E3058B73600902ECB /* Debug */,
				6AA9B36F3058B73600902ECB /* Release */,
			);
			defaultConfigurationIsVisible = 0;
			defaultConfigurationName = Release;
		};
		7A5AFE000000000000000009 /* Build configuration list for PBXNativeTarget "QuarterSafeWidget" */ = {
			isa = XCConfigurationList;
			buildConfigurations = (
				7A5AFE000000000000000007 /* Debug */,
				7A5AFE000000000000000008 /* Release */,
			);
			defaultConfigurationIsVisible = 0;
			defaultConfigurationName = Release;
		};
/* End XCConfigurationList section */
	};
	rootObject = 6AA9B33E3058B73500902ECB /* Project object */;
}
